{
  "version": 1,
  "dependencies": {
    "net10.0": {
      "Microsoft.Bcl.TimeProvider": {
        "type": "Transitive",
        "resolved": "8.0.1",
        "contentHash": "C7kWHJnMRY7EvJev2S8+yJHZ1y7A4ZlLbA4NE+O23BDIAN5mHeqND1m+SKv1ChRS5YlCDW7yAMUe7lttRsJaAA=="
      },
      "Microsoft.FeatureManagement": {
        "type": "Transitive",
        "resolved": "4.4.0",
        "contentHash": "qxvGAv9WJHYfOpixWywJTa1WNTPy5MbQiv+O+UlE6E/LVofiM1+YRR6m41zsHIbAGm1S0PQ0QFuAsOw9DkoKsg==",
        "dependencies": {
          "Microsoft.Bcl.TimeProvider": "8.0.1"
        }
      },
      "experimentframework": {
        "type": "Project",
        "dependencies": {
          "Microsoft.FeatureManagement": "[4.4.0, )"
        }
      },
      "experimentframework.admin": {
        "type": "Project",
        "dependencies": {
          "ExperimentFramework": "[1.0.0, )",
          "ExperimentFramework.Governance": "[1.0.0, )"
        }
      },
      "experimentframework.audit": {
        "type": "Project",
        "dependencies": {
          "ExperimentFramework": "[1.0.0, )"
        }
      },
      "experimentframework.dashboard.abstractions": {
        "type": "Project"
      },
      "experimentframework.dashboard.api": {
        "type": "Project",
        "dependencies": {
          "ExperimentFramework": "[1.0.0, )",
          "ExperimentFramework.Admin": "[1.0.0, )",
          "ExperimentFramework.Dashboard.Abstractions": "[1.0.0, )",
          "ExperimentFramework.Governance": "[1.0.0, )",
          "ExperimentFramework.Governance.Persistence": "[1.0.0, )"
        }
      },
      "experimentframework.dashboard.ui": {
        "type": "Project",
        "dependencies": {
          "ExperimentFramework": "[1.0.0, )",
          "ExperimentFramework.Dashboard.Abstractions": "[1.0.0, )"
        }
      },
      "experimentframework.governance": {
        "type": "Project",
        "dependencies": {
          "ExperimentFramework": "[1.0.0, )",
          "ExperimentFramework.Audit": "[1.0.0, )"
        }
      },
      "experimentframework.governance.persistence": {
        "type": "Project",
        "dependencies": {
          "ExperimentFramework.Governance": "[1.0.0, )"
        }
      }
    }
  }
}